
Microsoft Visual Studio Solution File, Format Version 12.00
# Visual Studio Version 17
VisualStudioVersion = 17.5.002.0
MinimumVisualStudioVersion = 10.0.40219.1
Project("{9A19103F-16F7-4668-BE54-9A1E7A4F7556}") = "terrariamod", "daemonReforge.csproj", "{F58854D5-7151-4AB9-A7CF-445040C0CEDC}"
EndProject
Global
	GlobalSection(SolutionConfigurationPlatforms) = preSolution
		Debug|Any CPU = Debug|Any CPU
		Release|Any CPU = Release|Any CPU
	EndGlobalSection
	GlobalSection(ProjectConfigurationPlatforms) = postSolution
		{F58854D5-7151-4AB9-A7CF-445040C0CEDC}.Debug|Any CPU.ActiveCfg = Debug|Any CPU
		{F58854D5-7151-4AB9-A7CF-445040C0CEDC}.Debug|Any CPU.Build.0 = Debug|Any CPU
		{F58854D5-7151-4AB9-A7CF-445040C0CEDC}.Release|Any CPU.ActiveCfg = Release|Any CPU
		{F58854D5-7151-4AB9-A7CF-445040C0CEDC}.Release|Any CPU.Build.0 = Release|Any CPU
	EndGlobalSection
	GlobalSection(SolutionProperties) = preSolution
		HideSolutionNode = FALSE
	EndGlobalSection
	GlobalSection(ExtensibilityGlobals) = postSolution
		SolutionGuid = {C8968B75-D155-4F16-9640-82E73FE41995}
	EndGlobalSection
EndGlobal
